
Microsoft Visual Studio Solution File, Format Version 12.00
# Visual Studio Version 17
VisualStudioVersion = 17.14.37012.4 d17.14
MinimumVisualStudioVersion = 10.0.40219.1
Project("{FAE04EC0-301F-11D3-BF4B-00C04F79EFBC}") = "Ecommerce.API", "Ecommerce.API.csproj", "{7F307271-9499-4975-B98B-A279003A963E}"
EndProject
Global
	GlobalSection(SolutionConfigurationPlatforms) = preSolution
		Debug|Any CPU = Debug|Any CPU
		Release|Any CPU = Release|Any CPU
	EndGlobalSection
	GlobalSection(ProjectConfigurationPlatforms) = postSolution
		{7F307271-9499-4975-B98B-A279003A963E}.Debug|Any CPU.ActiveCfg = Debug|Any CPU
		{7F307271-9499-4975-B98B-A279003A963E}.Debug|Any CPU.Build.0 = Debug|Any CPU
		{7F307271-9499-4975-B98B-A279003A963E}.Release|Any CPU.ActiveCfg = Release|Any CPU
		{7F307271-9499-4975-B98B-A279003A963E}.Release|Any CPU.Build.0 = Release|Any CPU
	EndGlobalSection
	GlobalSection(SolutionProperties) = preSolution
		HideSolutionNode = FALSE
	EndGlobalSection
	GlobalSection(ExtensibilityGlobals) = postSolution
		SolutionGuid = {0734BB8C-29B0-4622-9BAA-73F208D2CCAF}
	EndGlobalSection
EndGlobal
